github.com/BirukAbraham123/snakesladders v0.1.0 h1:i7h0JJAynQ/vONqSNC2tUCvCuYwXC1gjWmX76l+WSUc=
github.com/BirukAbraham123/snakesladders v0.1.0/go.mod h1:7HSXggCMYSXgI+olmOtPOmUXy/+Qn8A9Zohu0WZF2s8=
github.com/mbndr/figlet4go v0.0.0-20190224160619-d6cef5b186ea h1:mQncVDBpKkAecPcH2IMGpKUQYhwowlafQbfkz2QFqkc=
github.com/mbndr/figlet4go v0.0.0-20190224160619-d6cef5b186ea/go.mod h1:QzTGLGoOqLHUBK8/EZ0v4Fa4CdyXmdyRwCHcl0YbeO4=
